// !$*UTF8*$!
{
	archiveVersion = 1;
	classes = {
	};
	objectVersion = 60;
	objects = {

/* Begin PBXBuildFile section */
		55002C552D8F0FCC003B9952 /* ConnectionIndicatorView.swift in Sources */ = {isa = PBXBuildFile; fileRef = 55002C4F2D8F0FCC003B9952 /* ConnectionIndicatorView.swift */; };
		55002C562D8F0FCC003B9952 /* BatteryIndicatorView.swift in Sources */ = {isa = PBXBuildFile; fileRef = 55002C4E2D8F0FCC003B9952 /* BatteryIndicatorView.swift */; };
		55002C572D8F0FCC003B9952 /* LightIndicatorView.swift in Sources */ = {isa = PBXBuildFile; fileRef = 55002C512D8F0FCC003B9952 /* LightIndicatorView.swift */; };
		55002C582D8F0FCC003B9952 /* MotorIndicatorView.swift in Sources */ = {isa = PBXBuildFile; fileRef = 55002C522D8F0FCC003B9952 /* MotorIndicatorView.swift */; };
		55002C5A2D8F0FCC003B9952 /* ConnectionIndicatorView.swift in Sources */ = {isa = PBXBuildFile; fileRef = 55002C4F2D8F0FCC003B9952 /* ConnectionIndicatorView.swift */; };
		55002C5B2D8F0FCC003B9952 /* BatteryIndicatorView.swift in Sources */ = {isa = PBXBuildFile; fileRef = 55002C4E2D8F0FCC003B9952 /* BatteryIndicatorView.swift */; };
		55002C5C2D8F0FCC003B9952 /* LightIndicatorView.swift in Sources */ = {isa = PBXBuildFile; fileRef = 55002C512D8F0FCC003B9952 /* LightIndicatorView.swift */; };
		55002C5D2D8F0FCC003B9952 /* MotorIndicatorView.swift in Sources */ = {isa = PBXBuildFile; fileRef = 55002C522D8F0FCC003B9952 /* MotorIndicatorView.swift */; };
		55002C5F2D8F0FCC003B9952 /* ConnectionIndicatorView.swift in Sources */ = {isa = PBXBuildFile; fileRef = 55002C4F2D8F0FCC003B9952 /* ConnectionIndicatorView.swift */; };
		55002C602D8F0FCC003B9952 /* BatteryIndicatorView.swift in Sources */ = {isa = PBXBuildFile; fileRef = 55002C4E2D8F0FCC003B9952 /* BatteryIndicatorView.swift */; };
		55002C612D8F0FCC003B9952 /* LightIndicatorView.swift in Sources */ = {isa = PBXBuildFile; fileRef = 55002C512D8F0FCC003B9952 /* LightIndicatorView.swift */; };
		55002C622D8F0FCC003B9952 /* MotorIndicatorView.swift in Sources */ = {isa = PBXBuildFile; fileRef = 55002C522D8F0FCC003B9952 /* MotorIndicatorView.swift */; };
		550F95062DA0503600C0A34B /* ArduinoDisplayControlView.swift in Sources */ = {isa = PBXBuildFile; fileRef = 550F95042DA0503400C0A34B /* ArduinoDisplayControlView.swift */; };
		550F95072DA0503600C0A34B /* ArduinoDisplayControlView.swift in Sources */ = {isa = PBXBuildFile; fileRef = 550F95042DA0503400C0A34B /* ArduinoDisplayControlView.swift */; };
		55268B87294B7BF200BA9AC6 /* FacilitiesListView.swift in Sources */ = {isa = PBXBuildFile; fileRef = 55268B86294B7BF200BA9AC6 /* FacilitiesListView.swift */; };
		554740DC2954F4AC00948BBB /* Infrastructure in Frameworks */ = {isa = PBXBuildFile; productRef = 554740DB2954F4AC00948BBB /* Infrastructure */; };
		554740E02954F4BC00948BBB /* Infrastructure in Frameworks */ = {isa = PBXBuildFile; productRef = 554740DF2954F4BC00948BBB /* Infrastructure */; };
		554740E42954F4C500948BBB /* Infrastructure in Frameworks */ = {isa = PBXBuildFile; productRef = 554740E32954F4C500948BBB /* Infrastructure */; };
		555C8AD22D8F044700EA33E0 /* MotorizedFacilityGauageView.swift in Sources */ = {isa = PBXBuildFile; fileRef = 555C8AD12D8F044700EA33E0 /* MotorizedFacilityGauageView.swift */; };
		555C8AD32D8F044700EA33E0 /* MotorizedFacilityGauageView.swift in Sources */ = {isa = PBXBuildFile; fileRef = 555C8AD12D8F044700EA33E0 /* MotorizedFacilityGauageView.swift */; };
		555C8AD42D8F044700EA33E0 /* MotorizedFacilityGauageView.swift in Sources */ = {isa = PBXBuildFile; fileRef = 555C8AD12D8F044700EA33E0 /* MotorizedFacilityGauageView.swift */; };
		556E65CC294D1DD500FCEFD6 /* Assets.xcassets in Resources */ = {isa = PBXBuildFile; fileRef = 556E65CB294D1DD500FCEFD6 /* Assets.xcassets */; };
		556E65CF294D1DD500FCEFD6 /* Preview Assets.xcassets in Resources */ = {isa = PBXBuildFile; fileRef = 556E65CE294D1DD500FCEFD6 /* Preview Assets.xcassets */; };
		556E65D3294D1DF600FCEFD6 /* FacilitiesListView.swift in Sources */ = {isa = PBXBuildFile; fileRef = 55F2842A2944455800047EF5 /* FacilitiesListView.swift */; };
		557513512DA8531800E73784 /* SbjGauge in Frameworks */ = {isa = PBXBuildFile; productRef = 557513502DA8531800E73784 /* SbjGauge */; };
		557513532DA8532C00E73784 /* SbjGauge in Frameworks */ = {isa = PBXBuildFile; productRef = 557513522DA8532C00E73784 /* SbjGauge */; };
		557513552DA8533500E73784 /* SbjGauge in Frameworks */ = {isa = PBXBuildFile; productRef = 557513542DA8533500E73784 /* SbjGauge */; };
		557513582DA87B9C00E73784 /* BLEByJove in Frameworks */ = {isa = PBXBuildFile; productRef = 557513572DA87B9C00E73784 /* BLEByJove */; };
		5575135A2DA87BA800E73784 /* BLEByJove in Frameworks */ = {isa = PBXBuildFile; productRef = 557513592DA87BA800E73784 /* BLEByJove */; };
		5575135C2DA87BB400E73784 /* BLEByJove in Frameworks */ = {isa = PBXBuildFile; productRef = 5575135B2DA87BB400E73784 /* BLEByJove */; };
		559AB9E02DA08EC000666C1A /* CityStreetsView.swift in Sources */ = {isa = PBXBuildFile; fileRef = 559AB9DF2DA08EC000666C1A /* CityStreetsView.swift */; };
		559AB9E12DA08EC000666C1A /* CityStreetsView.swift in Sources */ = {isa = PBXBuildFile; fileRef = 559AB9DF2DA08EC000666C1A /* CityStreetsView.swift */; };
		559AB9E52DA08F8400666C1A /* ConductedView.swift in Sources */ = {isa = PBXBuildFile; fileRef = 559AB9E42DA08F8400666C1A /* ConductedView.swift */; };
		559E02402D9447CD00CA3953 /* MotorState.swift in Sources */ = {isa = PBXBuildFile; fileRef = 559E023F2D9447CD00CA3953 /* MotorState.swift */; };
		559E02412D9447CD00CA3953 /* MotorState.swift in Sources */ = {isa = PBXBuildFile; fileRef = 559E023F2D9447CD00CA3953 /* MotorState.swift */; };
		559E02422D9447CD00CA3953 /* MotorState.swift in Sources */ = {isa = PBXBuildFile; fileRef = 559E023F2D9447CD00CA3953 /* MotorState.swift */; };
		55A0DE882D9EFF6100FCA504 /* ImagePicker.swift in Sources */ = {isa = PBXBuildFile; fileRef = 55A0DE852D9EFF6000FCA504 /* ImagePicker.swift */; };
		55A0DE8A2D9F08BA00FCA504 /* HVStack.swift in Sources */ = {isa = PBXBuildFile; fileRef = 55A0DE892D9F08B900FCA504 /* HVStack.swift */; };
		55A0DE8B2D9F08BA00FCA504 /* HVStack.swift in Sources */ = {isa = PBXBuildFile; fileRef = 55A0DE892D9F08B900FCA504 /* HVStack.swift */; };
		55A0DE8C2D9F08BA00FCA504 /* HVStack.swift in Sources */ = {isa = PBXBuildFile; fileRef = 55A0DE892D9F08B900FCA504 /* HVStack.swift */; };
		55A730742D9B4738005CA3C1 /* FacilityConnectionView.swift in Sources */ = {isa = PBXBuildFile; fileRef = 55A730732D9B4738005CA3C1 /* FacilityConnectionView.swift */; };
		55A730752D9B4738005CA3C1 /* FacilityConnectionView.swift in Sources */ = {isa = PBXBuildFile; fileRef = 55A730732D9B4738005CA3C1 /* FacilityConnectionView.swift */; };
		55D0C7A62DD8E7210028BFFE /* ViewDidLoadModifier.swift in Sources */ = {isa = PBXBuildFile; fileRef = 55D1A2D9294EB39F003381C3 /* ViewDidLoadModifier.swift */; };
		55D0C7A72DD8E7210028BFFE /* ViewDidLoadModifier.swift in Sources */ = {isa = PBXBuildFile; fileRef = 55D1A2D9294EB39F003381C3 /* ViewDidLoadModifier.swift */; };
		55D0C7A82DD8E7210028BFFE /* ViewDidLoadModifier.swift in Sources */ = {isa = PBXBuildFile; fileRef = 55D1A2D9294EB39F003381C3 /* ViewDidLoadModifier.swift */; };
		55D0C7B52DD8EBA40028BFFE /* JoveExpressControlsView.swift in Sources */ = {isa = PBXBuildFile; fileRef = 55D0C7B12DD8EBA40028BFFE /* JoveExpressControlsView.swift */; };
		55D0C7B72DD8EBA40028BFFE /* JoveExpressControlsView.swift in Sources */ = {isa = PBXBuildFile; fileRef = 55D0C7B12DD8EBA40028BFFE /* JoveExpressControlsView.swift */; };
		55D0C7BA2DD8EC6A0028BFFE /* JoveExpressView.swift in Sources */ = {isa = PBXBuildFile; fileRef = 55D0C7B92DD8EC6A0028BFFE /* JoveExpressView.swift */; };
		55D0C7BB2DD8EC6A0028BFFE /* JoveExpressView.swift in Sources */ = {isa = PBXBuildFile; fileRef = 55D0C7B92DD8EC6A0028BFFE /* JoveExpressView.swift */; };
		55D1A2F3294EB39F003381C3 /* FacilityDetailView.swift in Sources */ = {isa = PBXBuildFile; fileRef = 55D1A2D1294EB39F003381C3 /* FacilityDetailView.swift */; };
		55D1A2F4294EB39F003381C3 /* FacilityDetailView.swift in Sources */ = {isa = PBXBuildFile; fileRef = 55D1A2D1294EB39F003381C3 /* FacilityDetailView.swift */; };
		55D1A2F5294EB39F003381C3 /* Media.xcassets in Resources */ = {isa = PBXBuildFile; fileRef = 55D1A2D2294EB39F003381C3 /* Media.xcassets */; };
		55D1A2F7294EB39F003381C3 /* Media.xcassets in Resources */ = {isa = PBXBuildFile; fileRef = 55D1A2D2294EB39F003381C3 /* Media.xcassets */; };
		55D1A30C294EB39F003381C3 /* GaugeIndicatorsView.swift in Sources */ = {isa = PBXBuildFile; fileRef = 55D1A2DF294EB39F003381C3 /* GaugeIndicatorsView.swift */; };
		55D1A30D294EB39F003381C3 /* GaugeIndicatorsView.swift in Sources */ = {isa = PBXBuildFile; fileRef = 55D1A2DF294EB39F003381C3 /* GaugeIndicatorsView.swift */; };
		55D1A34A294EB516003381C3 /* JovesLandingApp.swift in Sources */ = {isa = PBXBuildFile; fileRef = 55D1A349294EB516003381C3 /* JovesLandingApp.swift */; };
		55D1A34B294EB516003381C3 /* JovesLandingApp.swift in Sources */ = {isa = PBXBuildFile; fileRef = 55D1A349294EB516003381C3 /* JovesLandingApp.swift */; };
		55D1A34C294EB55F003381C3 /* JovesLandingApp.swift in Sources */ = {isa = PBXBuildFile; fileRef = 55D1A349294EB516003381C3 /* JovesLandingApp.swift */; };
		55D1A34D294EB564003381C3 /* FacilityDetailView.swift in Sources */ = {isa = PBXBuildFile; fileRef = 55D1A2D1294EB39F003381C3 /* FacilityDetailView.swift */; };
		55D1A34E294EB56B003381C3 /* Media.xcassets in Resources */ = {isa = PBXBuildFile; fileRef = 55D1A2D2294EB39F003381C3 /* Media.xcassets */; };
		55D1A359294EB57A003381C3 /* GaugeIndicatorsView.swift in Sources */ = {isa = PBXBuildFile; fileRef = 55D1A2DF294EB39F003381C3 /* GaugeIndicatorsView.swift */; };
		55D1A360294EB616003381C3 /* JoveMetroLineView.swift in Sources */ = {isa = PBXBuildFile; fileRef = 55D1A35F294EB616003381C3 /* JoveMetroLineView.swift */; };
		55E4E6862DDB89E2003DB69D /* ESPCamView.swift in Sources */ = {isa = PBXBuildFile; fileRef = 55E4E6852DDB89D8003DB69D /* ESPCamView.swift */; };
		55E4E6872DDB89E2003DB69D /* ESPCamView.swift in Sources */ = {isa = PBXBuildFile; fileRef = 55E4E6852DDB89D8003DB69D /* ESPCamView.swift */; };
		55E50AE029501CC500FC0773 /* JoveMetroLineView.swift in Sources */ = {isa = PBXBuildFile; fileRef = 55D1A35F294EB616003381C3 /* JoveMetroLineView.swift */; };
		55E949722D933CDC00D79246 /* CityStreetsControlsView.swift in Sources */ = {isa = PBXBuildFile; fileRef = 55E949702D933CDB00D79246 /* CityStreetsControlsView.swift */; };
		55E949732D933CDC00D79246 /* CityStreetsControlsView.swift in Sources */ = {isa = PBXBuildFile; fileRef = 55E949702D933CDB00D79246 /* CityStreetsControlsView.swift */; };
		55E9497E2D93400100D79246 /* JoveMetroLineControlsView.swift in Sources */ = {isa = PBXBuildFile; fileRef = 55E9497C2D93400000D79246 /* JoveMetroLineControlsView.swift */; };
		55E9497F2D93400100D79246 /* JoveMetroLineControlsView.swift in Sources */ = {isa = PBXBuildFile; fileRef = 55E9497C2D93400000D79246 /* JoveMetroLineControlsView.swift */; };
		55F284202944452800047EF5 /* Assets.xcassets in Resources */ = {isa = PBXBuildFile; fileRef = 55F2841F2944452800047EF5 /* Assets.xcassets */; };
		55F284232944452800047EF5 /* Preview Assets.xcassets in Resources */ = {isa = PBXBuildFile; fileRef = 55F284222944452800047EF5 /* Preview Assets.xcassets */; };
		55F284342944455800047EF5 /* FacilitiesListView.swift in Sources */ = {isa = PBXBuildFile; fileRef = 55F2842A2944455800047EF5 /* FacilitiesListView.swift */; };
		55F2846429444DD100047EF5 /* TrainConductor Watch App.app in Embed Watch Content */ = {isa = PBXBuildFile; fileRef = 55F2846329444DD100047EF5 /* TrainConductor Watch App.app */; settings = {ATTRIBUTES = (RemoveHeadersOnCopy, ); }; };
		55F2847029444DD200047EF5 /* Preview Assets.xcassets in Resources */ = {isa = PBXBuildFile; fileRef = 55F2846F29444DD200047EF5 /* Preview Assets.xcassets */; };
		55F284892944583100047EF5 /* Assets.xcassets in Resources */ = {isa = PBXBuildFile; fileRef = 55F284882944583100047EF5 /* Assets.xcassets */; };
/* End PBXBuildFile section */

/* Begin PBXContainerItemProxy section */
		55F2846529444DD100047EF5 /* PBXContainerItemProxy */ = {
			isa = PBXContainerItemProxy;
			containerPortal = 55F284102944452700047EF5 /* Project object */;
			proxyType = 1;
			remoteGlobalIDString = 55F2846229444DD100047EF5;
			remoteInfo = "TrainConductor Watch App";
		};
/* End PBXContainerItemProxy section */

/* Begin PBXCopyFilesBuildPhase section */
		55F2847429444DD200047EF5 /* Embed Watch Content */ = {
			isa = PBXCopyFilesBuildPhase;
			buildActionMask = 2147483647;
			dstPath = "$(CONTENTS_FOLDER_PATH)/Watch";
			dstSubfolderSpec = 16;
			files = (
				55F2846429444DD100047EF5 /* TrainConductor Watch App.app in Embed Watch Content */,
			);
			name = "Embed Watch Content";
			runOnlyForDeploymentPostprocessing = 0;
		};
/* End PBXCopyFilesBuildPhase section */

/* Begin PBXFileReference section */
		55002C4E2D8F0FCC003B9952 /* BatteryIndicatorView.swift */ = {isa = PBXFileReference; lastKnownFileType = sourcecode.swift; path = BatteryIndicatorView.swift; sourceTree = "<group>"; };
		55002C4F2D8F0FCC003B9952 /* ConnectionIndicatorView.swift */ = {isa = PBXFileReference; lastKnownFileType = sourcecode.swift; path = ConnectionIndicatorView.swift; sourceTree = "<group>"; };
		55002C512D8F0FCC003B9952 /* LightIndicatorView.swift */ = {isa = PBXFileReference; lastKnownFileType = sourcecode.swift; path = LightIndicatorView.swift; sourceTree = "<group>"; };
		55002C522D8F0FCC003B9952 /* MotorIndicatorView.swift */ = {isa = PBXFileReference; lastKnownFileType = sourcecode.swift; path = MotorIndicatorView.swift; sourceTree = "<group>"; };
		550F95042DA0503400C0A34B /* ArduinoDisplayControlView.swift */ = {isa = PBXFileReference; lastKnownFileType = sourcecode.swift; path = ArduinoDisplayControlView.swift; sourceTree = "<group>"; };
		55268B86294B7BF200BA9AC6 /* FacilitiesListView.swift */ = {isa = PBXFileReference; lastKnownFileType = sourcecode.swift; path = FacilitiesListView.swift; sourceTree = "<group>"; };
		554740D82954F49B00948BBB /* Info.plist */ = {isa = PBXFileReference; lastKnownFileType = text.plist; path = Info.plist; sourceTree = "<group>"; };
		55490BD52DAFE74C00D7E433 /* README.md */ = {isa = PBXFileReference; lastKnownFileType = net.daringfireball.markdown; path = README.md; sourceTree = "<group>"; };
		555C8AD12D8F044700EA33E0 /* MotorizedFacilityGauageView.swift */ = {isa = PBXFileReference; lastKnownFileType = sourcecode.swift; path = MotorizedFacilityGauageView.swift; sourceTree = "<group>"; };
		556E65C5294D1DD500FCEFD6 /* JovesControl.app */ = {isa = PBXFileReference; explicitFileType = wrapper.application; includeInIndex = 0; path = JovesControl.app; sourceTree = BUILT_PRODUCTS_DIR; };
		556E65CB294D1DD500FCEFD6 /* Assets.xcassets */ = {isa = PBXFileReference; lastKnownFileType = folder.assetcatalog; path = Assets.xcassets; sourceTree = "<group>"; };
		556E65CE294D1DD500FCEFD6 /* Preview Assets.xcassets */ = {isa = PBXFileReference; lastKnownFileType = folder.assetcatalog; path = "Preview Assets.xcassets"; sourceTree = "<group>"; };
		559AB9DF2DA08EC000666C1A /* CityStreetsView.swift */ = {isa = PBXFileReference; lastKnownFileType = sourcecode.swift; path = CityStreetsView.swift; sourceTree = "<group>"; };
		559AB9E42DA08F8400666C1A /* ConductedView.swift */ = {isa = PBXFileReference; lastKnownFileType = sourcecode.swift; path = ConductedView.swift; sourceTree = "<group>"; };
		559E023F2D9447CD00CA3953 /* MotorState.swift */ = {isa = PBXFileReference; lastKnownFileType = sourcecode.swift; path = MotorState.swift; sourceTree = "<group>"; };
		55A0DE852D9EFF6000FCA504 /* ImagePicker.swift */ = {isa = PBXFileReference; lastKnownFileType = sourcecode.swift; path = ImagePicker.swift; sourceTree = "<group>"; };
		55A0DE892D9F08B900FCA504 /* HVStack.swift */ = {isa = PBXFileReference; lastKnownFileType = sourcecode.swift; path = HVStack.swift; sourceTree = "<group>"; };
		55A730732D9B4738005CA3C1 /* FacilityConnectionView.swift */ = {isa = PBXFileReference; lastKnownFileType = sourcecode.swift; path = FacilityConnectionView.swift; sourceTree = "<group>"; };
		55D0C7B12DD8EBA40028BFFE /* JoveExpressControlsView.swift */ = {isa = PBXFileReference; lastKnownFileType = sourcecode.swift; path = JoveExpressControlsView.swift; sourceTree = "<group>"; };
		55D0C7B92DD8EC6A0028BFFE /* JoveExpressView.swift */ = {isa = PBXFileReference; lastKnownFileType = sourcecode.swift; path = JoveExpressView.swift; sourceTree = "<group>"; };
		55D1A2D1294EB39F003381C3 /* FacilityDetailView.swift */ = {isa = PBXFileReference; fileEncoding = 4; lastKnownFileType = sourcecode.swift; path = FacilityDetailView.swift; sourceTree = "<group>"; };
		55D1A2D2294EB39F003381C3 /* Media.xcassets */ = {isa = PBXFileReference; lastKnownFileType = folder.assetcatalog; path = Media.xcassets; sourceTree = "<group>"; };
		55D1A2D6294EB39F003381C3 /* CheckboxStyle.swift */ = {isa = PBXFileReference; fileEncoding = 4; lastKnownFileType = sourcecode.swift; path = CheckboxStyle.swift; sourceTree = "<group>"; };
		55D1A2D9294EB39F003381C3 /* ViewDidLoadModifier.swift */ = {isa = PBXFileReference; fileEncoding = 4; lastKnownFileType = sourcecode.swift; path = ViewDidLoadModifier.swift; sourceTree = "<group>"; };
		55D1A2DA294EB39F003381C3 /* ContentWebView.swift */ = {isa = PBXFileReference; fileEncoding = 4; lastKnownFileType = sourcecode.swift; path = ContentWebView.swift; sourceTree = "<group>"; };
		55D1A2DF294EB39F003381C3 /* GaugeIndicatorsView.swift */ = {isa = PBXFileReference; fileEncoding = 4; lastKnownFileType = sourcecode.swift; path = GaugeIndicatorsView.swift; sourceTree = "<group>"; };
		55D1A334294EB47B003381C3 /* TheJoveExpressView.swift */ = {isa = PBXFileReference; fileEncoding = 4; lastKnownFileType = sourcecode.swift; path = TheJoveExpressView.swift; sourceTree = "<group>"; };
		55D1A335294EB47B003381C3 /* ConnectionView.swift */ = {isa = PBXFileReference; fileEncoding = 4; lastKnownFileType = sourcecode.swift; path = ConnectionView.swift; sourceTree = "<group>"; };
		55D1A336294EB47B003381C3 /* LightsView.swift */ = {isa = PBXFileReference; fileEncoding = 4; lastKnownFileType = sourcecode.swift; path = LightsView.swift; sourceTree = "<group>"; };
		55D1A337294EB47B003381C3 /* CameraView.swift */ = {isa = PBXFileReference; fileEncoding = 4; lastKnownFileType = sourcecode.swift; path = CameraView.swift; sourceTree = "<group>"; };
		55D1A338294EB47B003381C3 /* EngineView.swift */ = {isa = PBXFileReference; fileEncoding = 4; lastKnownFileType = sourcecode.swift; path = EngineView.swift; sourceTree = "<group>"; };
		55D1A339294EB47B003381C3 /* MotionView.swift */ = {isa = PBXFileReference; fileEncoding = 4; lastKnownFileType = sourcecode.swift; path = MotionView.swift; sourceTree = "<group>"; };
		55D1A33A294EB47B003381C3 /* HealthView.swift */ = {isa = PBXFileReference; fileEncoding = 4; lastKnownFileType = sourcecode.swift; path = HealthView.swift; sourceTree = "<group>"; };
		55D1A349294EB516003381C3 /* JovesLandingApp.swift */ = {isa = PBXFileReference; fileEncoding = 4; lastKnownFileType = sourcecode.swift; path = JovesLandingApp.swift; sourceTree = "<group>"; };
		55D1A35F294EB616003381C3 /* JoveMetroLineView.swift */ = {isa = PBXFileReference; fileEncoding = 4; lastKnownFileType = sourcecode.swift; path = JoveMetroLineView.swift; sourceTree = "<group>"; };
		55E4E6852DDB89D8003DB69D /* ESPCamView.swift */ = {isa = PBXFileReference; lastKnownFileType = sourcecode.swift; path = ESPCamView.swift; sourceTree = "<group>"; };
		55E949702D933CDB00D79246 /* CityStreetsControlsView.swift */ = {isa = PBXFileReference; lastKnownFileType = sourcecode.swift; path = CityStreetsControlsView.swift; sourceTree = "<group>"; };
		55E9497C2D93400000D79246 /* JoveMetroLineControlsView.swift */ = {isa = PBXFileReference; lastKnownFileType = sourcecode.swift; path = JoveMetroLineControlsView.swift; sourceTree = "<group>"; };
		55F284182944452700047EF5 /* JovesLanding.app */ = {isa = PBXFileReference; explicitFileType = wrapper.application; includeInIndex = 0; path = JovesLanding.app; sourceTree = BUILT_PRODUCTS_DIR; };
		55F2841F2944452800047EF5 /* Assets.xcassets */ = {isa = PBXFileReference; lastKnownFileType = folder.assetcatalog; path = Assets.xcassets; sourceTree = "<group>"; };
		55F284222944452800047EF5 /* Preview Assets.xcassets */ = {isa = PBXFileReference; lastKnownFileType = folder.assetcatalog; path = "Preview Assets.xcassets"; sourceTree = "<group>"; };
		55F2842A2944455800047EF5 /* FacilitiesListView.swift */ = {isa = PBXFileReference; fileEncoding = 4; lastKnownFileType = sourcecode.swift; path = FacilitiesListView.swift; sourceTree = "<group>"; };
		55F2845E29444DD100047EF5 /* TrainConductor.app */ = {isa = PBXFileReference; explicitFileType = wrapper.application; includeInIndex = 0; path = TrainConductor.app; sourceTree = BUILT_PRODUCTS_DIR; };
		55F2846329444DD100047EF5 /* TrainConductor Watch App.app */ = {isa = PBXFileReference; explicitFileType = wrapper.application; includeInIndex = 0; path = "TrainConductor Watch App.app"; sourceTree = BUILT_PRODUCTS_DIR; };
		55F2846F29444DD200047EF5 /* Preview Assets.xcassets */ = {isa = PBXFileReference; lastKnownFileType = folder.assetcatalog; path = "Preview Assets.xcassets"; sourceTree = "<group>"; };
		55F284882944583100047EF5 /* Assets.xcassets */ = {isa = PBXFileReference; lastKnownFileType = folder.assetcatalog; path = Assets.xcassets; sourceTree = "<group>"; };
/* End PBXFileReference section */

/* Begin PBXFrameworksBuildPhase section */
		556E65C2294D1DD500FCEFD6 /* Frameworks */ = {
			isa = PBXFrameworksBuildPhase;
			buildActionMask = 2147483647;
			files = (
				554740E42954F4C500948BBB /* Infrastructure in Frameworks */,
				557513582DA87B9C00E73784 /* BLEByJove in Frameworks */,
				557513552DA8533500E73784 /* SbjGauge in Frameworks */,
			);
			runOnlyForDeploymentPostprocessing = 0;
		};
		55F284152944452700047EF5 /* Frameworks */ = {
			isa = PBXFrameworksBuildPhase;
			buildActionMask = 2147483647;
			files = (
				554740DC2954F4AC00948BBB /* Infrastructure in Frameworks */,
				5575135A2DA87BA800E73784 /* BLEByJove in Frameworks */,
				557513512DA8531800E73784 /* SbjGauge in Frameworks */,
			);
			runOnlyForDeploymentPostprocessing = 0;
		};
		55F2846029444DD100047EF5 /* Frameworks */ = {
			isa = PBXFrameworksBuildPhase;
			buildActionMask = 2147483647;
			files = (
				554740E02954F4BC00948BBB /* Infrastructure in Frameworks */,
				5575135C2DA87BB400E73784 /* BLEByJove in Frameworks */,
				557513532DA8532C00E73784 /* SbjGauge in Frameworks */,
			);
			runOnlyForDeploymentPostprocessing = 0;
		};
/* End PBXFrameworksBuildPhase section */

/* Begin PBXGroup section */
		55002C532D8F0FCC003B9952 /* Indicators */ = {
			isa = PBXGroup;
			children = (
				55D1A2DF294EB39F003381C3 /* GaugeIndicatorsView.swift */,
				55002C4E2D8F0FCC003B9952 /* BatteryIndicatorView.swift */,
				55002C4F2D8F0FCC003B9952 /* ConnectionIndicatorView.swift */,
				55002C512D8F0FCC003B9952 /* LightIndicatorView.swift */,
				55002C522D8F0FCC003B9952 /* MotorIndicatorView.swift */,
				559E023F2D9447CD00CA3953 /* MotorState.swift */,
			);
			path = Indicators;
			sourceTree = "<group>";
		};
		556E65C6294D1DD500FCEFD6 /* JovesControl */ = {
			isa = PBXGroup;
			children = (
				556E65CB294D1DD500FCEFD6 /* Assets.xcassets */,
				556E65CD294D1DD500FCEFD6 /* Preview Content */,
			);
			path = JovesControl;
			sourceTree = "<group>";
		};
		556E65CD294D1DD500FCEFD6 /* Preview Content */ = {
			isa = PBXGroup;
			children = (
				556E65CE294D1DD500FCEFD6 /* Preview Assets.xcassets */,
			);
			path = "Preview Content";
			sourceTree = "<group>";
		};
		55D0C7B22DD8EBA40028BFFE /* JoveExpress */ = {
			isa = PBXGroup;
			children = (
				55D0C7B12DD8EBA40028BFFE /* JoveExpressControlsView.swift */,
			);
			path = JoveExpress;
			sourceTree = "<group>";
		};
		55D1A2D0294EB39F003381C3 /* Common */ = {
			isa = PBXGroup;
			children = (
				55D1A2D9294EB39F003381C3 /* ViewDidLoadModifier.swift */,
				555C8AD12D8F044700EA33E0 /* MotorizedFacilityGauageView.swift */,
				55D1A2D1294EB39F003381C3 /* FacilityDetailView.swift */,
				55A0DE892D9F08B900FCA504 /* HVStack.swift */,
				55A0DE852D9EFF6000FCA504 /* ImagePicker.swift */,
				55A730732D9B4738005CA3C1 /* FacilityConnectionView.swift */,
				55002C532D8F0FCC003B9952 /* Indicators */,
				55D1A2D2294EB39F003381C3 /* Media.xcassets */,
			);
			path = Common;
			sourceTree = "<group>";
		};
		55D1A333294EB47B003381C3 /* OldTheJoveExpress */ = {
			isa = PBXGroup;
			children = (
				55D1A334294EB47B003381C3 /* TheJoveExpressView.swift */,
				55D1A335294EB47B003381C3 /* ConnectionView.swift */,
				55D1A336294EB47B003381C3 /* LightsView.swift */,
				55D1A337294EB47B003381C3 /* CameraView.swift */,
				55D1A338294EB47B003381C3 /* EngineView.swift */,
				55D1A339294EB47B003381C3 /* MotionView.swift */,
				55D1A33A294EB47B003381C3 /* HealthView.swift */,
				55D1A2D6294EB39F003381C3 /* CheckboxStyle.swift */,
				55D1A2DA294EB39F003381C3 /* ContentWebView.swift */,
			);
			path = OldTheJoveExpress;
			sourceTree = "<group>";
		};
		55E9496B2D933C3000D79246 /* CityStreats */ = {
			isa = PBXGroup;
			children = (
				55E949702D933CDB00D79246 /* CityStreetsControlsView.swift */,
				550F95042DA0503400C0A34B /* ArduinoDisplayControlView.swift */,
			);
			path = CityStreats;
			sourceTree = "<group>";
		};
		55E949802D93400800D79246 /* JoveMetroLine */ = {
			isa = PBXGroup;
			children = (
				55E9497C2D93400000D79246 /* JoveMetroLineControlsView.swift */,
			);
			path = JoveMetroLine;
			sourceTree = "<group>";
		};
		55F2840F2944452700047EF5 = {
			isa = PBXGroup;
			children = (
				55490BD52DAFE74C00D7E433 /* README.md */,
				55E9496B2D933C3000D79246 /* CityStreats */,
				55E949802D93400800D79246 /* JoveMetroLine */,
				55D0C7B22DD8EBA40028BFFE /* JoveExpress */,
				55D1A333294EB47B003381C3 /* OldTheJoveExpress */,
				55D1A2D0294EB39F003381C3 /* Common */,
				55D1A349294EB516003381C3 /* JovesLandingApp.swift */,
				55F2841A2944452700047EF5 /* JovesLanding */,
				55F2846729444DD100047EF5 /* TrainConductor Watch App */,
				556E65C6294D1DD500FCEFD6 /* JovesControl */,
				55F284192944452700047EF5 /* Products */,
				55F2843C2944459D00047EF5 /* Frameworks */,
			);
			sourceTree = "<group>";
		};
		55F284192944452700047EF5 /* Products */ = {
			isa = PBXGroup;
			children = (
				55F284182944452700047EF5 /* JovesLanding.app */,
				55F2845E29444DD100047EF5 /* TrainConductor.app */,
				55F2846329444DD100047EF5 /* TrainConductor Watch App.app */,
				556E65C5294D1DD500FCEFD6 /* JovesControl.app */,
			);
			name = Products;
			sourceTree = "<group>";
		};
		55F2841A2944452700047EF5 /* JovesLanding */ = {
			isa = PBXGroup;
			children = (
				554740D82954F49B00948BBB /* Info.plist */,
				55F2842A2944455800047EF5 /* FacilitiesListView.swift */,
				55E4E6852DDB89D8003DB69D /* ESPCamView.swift */,
				559AB9DF2DA08EC000666C1A /* CityStreetsView.swift */,
				55D1A35F294EB616003381C3 /* JoveMetroLineView.swift */,
				55D0C7B92DD8EC6A0028BFFE /* JoveExpressView.swift */,
				55F2841F2944452800047EF5 /* Assets.xcassets */,
				55F284212944452800047EF5 /* Preview Content */,
			);
			path = JovesLanding;
			sourceTree = "<group>";
		};
		55F284212944452800047EF5 /* Preview Content */ = {
			isa = PBXGroup;
			children = (
				55F284222944452800047EF5 /* Preview Assets.xcassets */,
			);
			path = "Preview Content";
			sourceTree = "<group>";
		};
		55F2843C2944459D00047EF5 /* Frameworks */ = {
			isa = PBXGroup;
			children = (
			);
			name = Frameworks;
			sourceTree = "<group>";
		};
		55F2846729444DD100047EF5 /* TrainConductor Watch App */ = {
			isa = PBXGroup;
			children = (
				559AB9E42DA08F8400666C1A /* ConductedView.swift */,
				55268B86294B7BF200BA9AC6 /* FacilitiesListView.swift */,
				55F2846E29444DD200047EF5 /* Preview Content */,
				55F284882944583100047EF5 /* Assets.xcassets */,
			);
			path = "TrainConductor Watch App";
			sourceTree = "<group>";
		};
		55F2846E29444DD200047EF5 /* Preview Content */ = {
			isa = PBXGroup;
			children = (
				55F2846F29444DD200047EF5 /* Preview Assets.xcassets */,
			);
			path = "Preview Content";
			sourceTree = "<group>";
		};
/* End PBXGroup section */

/* Begin PBXNativeTarget section */
		556E65C4294D1DD500FCEFD6 /* JovesControl */ = {
			isa = PBXNativeTarget;
			buildConfigurationList = 556E65D2294D1DD500FCEFD6 /* Build configuration list for PBXNativeTarget "JovesControl" */;
			buildPhases = (
				556E65C1294D1DD500FCEFD6 /* Sources */,
				556E65C2294D1DD500FCEFD6 /* Frameworks */,
				556E65C3294D1DD500FCEFD6 /* Resources */,
			);
			buildRules = (
			);
			dependencies = (
			);
			name = JovesControl;
			packageProductDependencies = (
				554740E32954F4C500948BBB /* Infrastructure */,
				557513542DA8533500E73784 /* SbjGauge */,
				557513572DA87B9C00E73784 /* BLEByJove */,
			);
			productName = JovesControl;
			productReference = 556E65C5294D1DD500FCEFD6 /* JovesControl.app */;
			productType = "com.apple.product-type.application";
		};
		55F284172944452700047EF5 /* JovesLanding */ = {
			isa = PBXNativeTarget;
			buildConfigurationList = 55F284262944452800047EF5 /* Build configuration list for PBXNativeTarget "JovesLanding" */;
			buildPhases = (
				55F284142944452700047EF5 /* Sources */,
				55F284152944452700047EF5 /* Frameworks */,
				55F284162944452700047EF5 /* Resources */,
			);
			buildRules = (
			);
			dependencies = (
			);
			name = JovesLanding;
			packageProductDependencies = (
				554740DB2954F4AC00948BBB /* Infrastructure */,
				557513502DA8531800E73784 /* SbjGauge */,
				557513592DA87BA800E73784 /* BLEByJove */,
			);
			productName = JovesLanding;
			productReference = 55F284182944452700047EF5 /* JovesLanding.app */;
			productType = "com.apple.product-type.application";
		};
		55F2845D29444DD100047EF5 /* TrainConductor */ = {
			isa = PBXNativeTarget;
			buildConfigurationList = 55F2847529444DD200047EF5 /* Build configuration list for PBXNativeTarget "TrainConductor" */;
			buildPhases = (
				55F2845C29444DD100047EF5 /* Resources */,
				55F2847429444DD200047EF5 /* Embed Watch Content */,
			);
			buildRules = (
			);
			dependencies = (
				55F2846629444DD100047EF5 /* PBXTargetDependency */,
			);
			name = TrainConductor;
			productName = TrainConductor;
			productReference = 55F2845E29444DD100047EF5 /* TrainConductor.app */;
			productType = "com.apple.product-type.application.watchapp2-container";
		};
		55F2846229444DD100047EF5 /* TrainConductor Watch App */ = {
			isa = PBXNativeTarget;
			buildConfigurationList = 55F2847129444DD200047EF5 /* Build configuration list for PBXNativeTarget "TrainConductor Watch App" */;
			buildPhases = (
				55F2845F29444DD100047EF5 /* Sources */,
				55F2846029444DD100047EF5 /* Frameworks */,
				55F2846129444DD100047EF5 /* Resources */,
			);
			buildRules = (
			);
			dependencies = (
			);
			name = "TrainConductor Watch App";
			packageProductDependencies = (
				554740DF2954F4BC00948BBB /* Infrastructure */,
				557513522DA8532C00E73784 /* SbjGauge */,
				5575135B2DA87BB400E73784 /* BLEByJove */,
			);
			productName = "TrainConductor Watch App";
			productReference = 55F2846329444DD100047EF5 /* TrainConductor Watch App.app */;
			productType = "com.apple.product-type.application";
		};
/* End PBXNativeTarget section */

/* Begin PBXProject section */
		55F284102944452700047EF5 /* Project object */ = {
			isa = PBXProject;
			attributes = {
				BuildIndependentTargetsInParallel = 1;
				LastSwiftUpdateCheck = 1420;
				LastUpgradeCheck = 1630;
				TargetAttributes = {
					556E65C4294D1DD500FCEFD6 = {
						CreatedOnToolsVersion = 14.2;
					};
					55F284172944452700047EF5 = {
						CreatedOnToolsVersion = 14.1;
						LastSwiftMigration = 1410;
					};
					55F2845D29444DD100047EF5 = {
						CreatedOnToolsVersion = 14.1;
						LastSwiftMigration = 1420;
					};
					55F2846229444DD100047EF5 = {
						CreatedOnToolsVersion = 14.1;
					};
				};
			};
			buildConfigurationList = 55F284132944452700047EF5 /* Build configuration list for PBXProject "JovesLanding" */;
			compatibilityVersion = "Xcode 14.0";
			developmentRegion = en;
			hasScannedForEncodings = 0;
			knownRegions = (
				en,
				Base,
			);
			mainGroup = 55F2840F2944452700047EF5;
			packageReferences = (
				55268BC1294C1C8500BA9AC6 /* XCRemoteSwiftPackageReference "swift-collections" */,
				5575134F2DA8521500E73784 /* XCLocalSwiftPackageReference "../../../GitHub/SbjGauge" */,
				557513562DA87B8500E73784 /* XCLocalSwiftPackageReference "../../../GitHub/BLEByJove" */,
			);
			productRefGroup = 55F284192944452700047EF5 /* Products */;
			projectDirPath = "";
			projectRoot = "";
			targets = (
				55F284172944452700047EF5 /* JovesLanding */,
				55F2845D29444DD100047EF5 /* TrainConductor */,
				55F2846229444DD100047EF5 /* TrainConductor Watch App */,
				556E65C4294D1DD500FCEFD6 /* JovesControl */,
			);
		};
/* End PBXProject section */

/* Begin PBXResourcesBuildPhase section */
		556E65C3294D1DD500FCEFD6 /* Resources */ = {
			isa = PBXResourcesBuildPhase;
			buildActionMask = 2147483647;
			files = (
				556E65CF294D1DD500FCEFD6 /* Preview Assets.xcassets in Resources */,
				55D1A2F7294EB39F003381C3 /* Media.xcassets in Resources */,
				556E65CC294D1DD500FCEFD6 /* Assets.xcassets in Resources */,
			);
			runOnlyForDeploymentPostprocessing = 0;
		};
		55F284162944452700047EF5 /* Resources */ = {
			isa = PBXResourcesBuildPhase;
			buildActionMask = 2147483647;
			files = (
				55F284232944452800047EF5 /* Preview Assets.xcassets in Resources */,
				55D1A2F5294EB39F003381C3 /* Media.xcassets in Resources */,
				55F284202944452800047EF5 /* Assets.xcassets in Resources */,
			);
			runOnlyForDeploymentPostprocessing = 0;
		};
		55F2845C29444DD100047EF5 /* Resources */ = {
			isa = PBXResourcesBuildPhase;
			buildActionMask = 2147483647;
			files = (
			);
			runOnlyForDeploymentPostprocessing = 0;
		};
		55F2846129444DD100047EF5 /* Resources */ = {
			isa = PBXResourcesBuildPhase;
			buildActionMask = 2147483647;
			files = (
				55F2847029444DD200047EF5 /* Preview Assets.xcassets in Resources */,
				55D1A34E294EB56B003381C3 /* Media.xcassets in Resources */,
				55F284892944583100047EF5 /* Assets.xcassets in Resources */,
			);
			runOnlyForDeploymentPostprocessing = 0;
		};
/* End PBXResourcesBuildPhase section */

/* Begin PBXSourcesBuildPhase section */
		556E65C1294D1DD500FCEFD6 /* Sources */ = {
			isa = PBXSourcesBuildPhase;
			buildActionMask = 2147483647;
			files = (
				55E9497E2D93400100D79246 /* JoveMetroLineControlsView.swift in Sources */,
				55D1A2F4294EB39F003381C3 /* FacilityDetailView.swift in Sources */,
				55A0DE8A2D9F08BA00FCA504 /* HVStack.swift in Sources */,
				55E50AE029501CC500FC0773 /* JoveMetroLineView.swift in Sources */,
				556E65D3294D1DF600FCEFD6 /* FacilitiesListView.swift in Sources */,
				559E02402D9447CD00CA3953 /* MotorState.swift in Sources */,
				55A730742D9B4738005CA3C1 /* FacilityConnectionView.swift in Sources */,
				55D0C7B72DD8EBA40028BFFE /* JoveExpressControlsView.swift in Sources */,
				55E949722D933CDC00D79246 /* CityStreetsControlsView.swift in Sources */,
				55E4E6872DDB89E2003DB69D /* ESPCamView.swift in Sources */,
				55D1A30D294EB39F003381C3 /* GaugeIndicatorsView.swift in Sources */,
				55D0C7BB2DD8EC6A0028BFFE /* JoveExpressView.swift in Sources */,
				55002C5A2D8F0FCC003B9952 /* ConnectionIndicatorView.swift in Sources */,
				55002C5B2D8F0FCC003B9952 /* BatteryIndicatorView.swift in Sources */,
				55002C5C2D8F0FCC003B9952 /* LightIndicatorView.swift in Sources */,
				55002C5D2D8F0FCC003B9952 /* MotorIndicatorView.swift in Sources */,
				555C8AD42D8F044700EA33E0 /* MotorizedFacilityGauageView.swift in Sources */,
				550F95072DA0503600C0A34B /* ArduinoDisplayControlView.swift in Sources */,
				55D0C7A82DD8E7210028BFFE /* ViewDidLoadModifier.swift in Sources */,
				559AB9E12DA08EC000666C1A /* CityStreetsView.swift in Sources */,
				55D1A34B294EB516003381C3 /* JovesLandingApp.swift in Sources */,
			);
			runOnlyForDeploymentPostprocessing = 0;
		};
		55F284142944452700047EF5 /* Sources */ = {
			isa = PBXSourcesBuildPhase;
			buildActionMask = 2147483647;
			files = (
				55E4E6862DDB89E2003DB69D /* ESPCamView.swift in Sources */,
				55D1A360294EB616003381C3 /* JoveMetroLineView.swift in Sources */,
				55D0C7A62DD8E7210028BFFE /* ViewDidLoadModifier.swift in Sources */,
				55E9497F2D93400100D79246 /* JoveMetroLineControlsView.swift in Sources */,
				55D0C7BA2DD8EC6A0028BFFE /* JoveExpressView.swift in Sources */,
				55A0DE882D9EFF6100FCA504 /* ImagePicker.swift in Sources */,
				55D1A2F3294EB39F003381C3 /* FacilityDetailView.swift in Sources */,
				55A0DE8B2D9F08BA00FCA504 /* HVStack.swift in Sources */,
				55F284342944455800047EF5 /* FacilitiesListView.swift in Sources */,
				559E02412D9447CD00CA3953 /* MotorState.swift in Sources */,
				55A730752D9B4738005CA3C1 /* FacilityConnectionView.swift in Sources */,
				55E949732D933CDC00D79246 /* CityStreetsControlsView.swift in Sources */,
				55D1A30C294EB39F003381C3 /* GaugeIndicatorsView.swift in Sources */,
				55002C5F2D8F0FCC003B9952 /* ConnectionIndicatorView.swift in Sources */,
				55002C602D8F0FCC003B9952 /* BatteryIndicatorView.swift in Sources */,
				55002C612D8F0FCC003B9952 /* LightIndicatorView.swift in Sources */,
				55002C622D8F0FCC003B9952 /* MotorIndicatorView.swift in Sources */,
				555C8AD22D8F044700EA33E0 /* MotorizedFacilityGauageView.swift in Sources */,
				550F95062DA0503600C0A34B /* ArduinoDisplayControlView.swift in Sources */,
				559AB9E02DA08EC000666C1A /* CityStreetsView.swift in Sources */,
				55D0C7B52DD8EBA40028BFFE /* JoveExpressControlsView.swift in Sources */,
				55D1A34A294EB516003381C3 /* JovesLandingApp.swift in Sources */,
			);
			runOnlyForDeploymentPostprocessing = 0;
		};
		55F2845F29444DD100047EF5 /* Sources */ = {
			isa = PBXSourcesBuildPhase;
			buildActionMask = 2147483647;
			files = (
				555C8AD32D8F044700EA33E0 /* MotorizedFacilityGauageView.swift in Sources */,
				55A0DE8C2D9F08BA00FCA504 /* HVStack.swift in Sources */,
				55D1A34D294EB564003381C3 /* FacilityDetailView.swift in Sources */,
				559AB9E52DA08F8400666C1A /* ConductedView.swift in Sources */,
				559E02422D9447CD00CA3953 /* MotorState.swift in Sources */,
				55002C552D8F0FCC003B9952 /* ConnectionIndicatorView.swift in Sources */,
				55002C562D8F0FCC003B9952 /* BatteryIndicatorView.swift in Sources */,
				55D0C7A72DD8E7210028BFFE /* ViewDidLoadModifier.swift in Sources */,
				55002C572D8F0FCC003B9952 /* LightIndicatorView.swift in Sources */,
				55002C582D8F0FCC003B9952 /* MotorIndicatorView.swift in Sources */,
				55D1A34C294EB55F003381C3 /* JovesLandingApp.swift in Sources */,
				55268B87294B7BF200BA9AC6 /* FacilitiesListView.swift in Sources */,
				55D1A359294EB57A003381C3 /* GaugeIndicatorsView.swift in Sources */,
			);
			runOnlyForDeploymentPostprocessing = 0;
		};
/* End PBXSourcesBuildPhase section */

/* Begin PBXTargetDependency section */
		55F2846629444DD100047EF5 /* PBXTargetDependency */ = {
			isa = PBXTargetDependency;
			target = 55F2846229444DD100047EF5 /* TrainConductor Watch App */;
			targetProxy = 55F2846529444DD100047EF5 /* PBXContainerItemProxy */;
		};
/* End PBXTargetDependency section */

/* Begin XCBuildConfiguration section */
		556E65D0294D1DD500FCEFD6 /* Debug */ = {
			isa = XCBuildConfiguration;
			buildSettings = {
				ASSETCATALOG_COMPILER_APPICON_NAME = "App Icon & Top Shelf Image";
				ASSETCATALOG_COMPILER_GLOBAL_ACCENT_COLOR_NAME = AccentColor;
				CODE_SIGN_STYLE = Automatic;
				CURRENT_PROJECT_VERSION = 1;
				DEVELOPMENT_ASSET_PATHS = "\"JovesControl/Preview Content\"";
				ENABLE_PREVIEWS = YES;
				GENERATE_INFOPLIST_FILE = YES;
				INFOPLIST_KEY_UILaunchScreen_Generation = YES;
				INFOPLIST_KEY_UIUserInterfaceStyle = Automatic;
				LD_RUNPATH_SEARCH_PATHS = (
					"$(inherited)",
					"@executable_path/Frameworks",
				);
				MARKETING_VERSION = 1.0;
				PRODUCT_BUNDLE_IDENTIFIER = com.softwarebyjove.JovesControl;
				PRODUCT_NAME = "$(TARGET_NAME)";
				SDKROOT = appletvos;
				SWIFT_EMIT_LOC_STRINGS = YES;
				SWIFT_VERSION = 5.0;
				TARGETED_DEVICE_FAMILY = 3;
				TVOS_DEPLOYMENT_TARGET = 16.1;
			};
			name = Debug;
		};
		556E65D1294D1DD500FCEFD6 /* Release */ = {
			isa = XCBuildConfiguration;
			buildSettings = {
				ASSETCATALOG_COMPILER_APPICON_NAME = "App Icon & Top Shelf Image";
				ASSETCATALOG_COMPILER_GLOBAL_ACCENT_COLOR_NAME = AccentColor;
				CODE_SIGN_STYLE = Automatic;
				CURRENT_PROJECT_VERSION = 1;
				DEVELOPMENT_ASSET_PATHS = "\"JovesControl/Preview Content\"";
				ENABLE_PREVIEWS = YES;
				GENERATE_INFOPLIST_FILE = YES;
				INFOPLIST_KEY_UILaunchScreen_Generation = YES;
				INFOPLIST_KEY_UIUserInterfaceStyle = Automatic;
				LD_RUNPATH_SEARCH_PATHS = (
					"$(inherited)",
					"@executable_path/Frameworks",
				);
				MARKETING_VERSION = 1.0;
				PRODUCT_BUNDLE_IDENTIFIER = com.softwarebyjove.JovesControl;
				PRODUCT_NAME = "$(TARGET_NAME)";
				SDKROOT = appletvos;
				SWIFT_EMIT_LOC_STRINGS = YES;
				SWIFT_VERSION = 5.0;
				TARGETED_DEVICE_FAMILY = 3;
				TVOS_DEPLOYMENT_TARGET = 16.1;
			};
			name = Release;
		};
		55F284242944452800047EF5 /* Debug */ = {
			isa = XCBuildConfiguration;
			buildSettings = {
				ALWAYS_SEARCH_USER_PATHS = NO;
				ASSETCATALOG_COMPILER_GENERATE_SWIFT_ASSET_SYMBOL_EXTENSIONS = YES;
				CLANG_ANALYZER_NONNULL = YES;
				CLANG_ANALYZER_NUMBER_OBJECT_CONVERSION = YES_AGGRESSIVE;
				CLANG_CXX_LANGUAGE_STANDARD = "gnu++20";
				CLANG_ENABLE_MODULES = YES;
				CLANG_ENABLE_OBJC_ARC = YES;
				CLANG_ENABLE_OBJC_WEAK = YES;
				CLANG_WARN_BLOCK_CAPTURE_AUTORELEASING = YES;
				CLANG_WARN_BOOL_CONVERSION = YES;
				CLANG_WARN_COMMA = YES;
				CLANG_WARN_CONSTANT_CONVERSION = YES;
				CLANG_WARN_DEPRECATED_OBJC_IMPLEMENTATIONS = YES;
				CLANG_WARN_DIRECT_OBJC_ISA_USAGE = YES_ERROR;
				CLANG_WARN_DOCUMENTATION_COMMENTS = YES;
				CLANG_WARN_EMPTY_BODY = YES;
				CLANG_WARN_ENUM_CONVERSION = YES;
				CLANG_WARN_INFINITE_RECURSION = YES;
				CLANG_WARN_INT_CONVERSION = YES;
				CLANG_WARN_NON_LITERAL_NULL_CONVERSION = YES;
				CLANG_WARN_OBJC_IMPLICIT_RETAIN_SELF = YES;
				CLANG_WARN_OBJC_LITERAL_CONVERSION = YES;
				CLANG_WARN_OBJC_ROOT_CLASS = YES_ERROR;
				CLANG_WARN_QUOTED_INCLUDE_IN_FRAMEWORK_HEADER = YES;
				CLANG_WARN_RANGE_LOOP_ANALYSIS = YES;
				CLANG_WARN_STRICT_PROTOTYPES = YES;
				CLANG_WARN_SUSPICIOUS_MOVE = YES;
				CLANG_WARN_UNGUARDED_AVAILABILITY = YES_AGGRESSIVE;
				CLANG_WARN_UNREACHABLE_CODE = YES;
				CLANG_WARN__DUPLICATE_METHOD_MATCH = YES;
				COPY_PHASE_STRIP = NO;
				DEBUG_INFORMATION_FORMAT = dwarf;
				DEVELOPMENT_TEAM = 4JYR7R4Y2M;
				ENABLE_STRICT_OBJC_MSGSEND = YES;
				ENABLE_TESTABILITY = YES;
				ENABLE_USER_SCRIPT_SANDBOXING = YES;
				GCC_C_LANGUAGE_STANDARD = gnu11;
				GCC_DYNAMIC_NO_PIC = NO;
				GCC_NO_COMMON_BLOCKS = YES;
				GCC_OPTIMIZATION_LEVEL = 0;
				GCC_PREPROCESSOR_DEFINITIONS = (
					"DEBUG=1",
					"$(inherited)",
				);
				GCC_WARN_64_TO_32_BIT_CONVERSION = YES;
				GCC_WARN_ABOUT_RETURN_TYPE = YES_ERROR;
				GCC_WARN_UNDECLARED_SELECTOR = YES;
				GCC_WARN_UNINITIALIZED_AUTOS = YES_AGGRESSIVE;
				GCC_WARN_UNUSED_FUNCTION = YES;
				GCC_WARN_UNUSED_VARIABLE = YES;
				IPHONEOS_DEPLOYMENT_TARGET = 16.1;
				MTL_ENABLE_DEBUG_INFO = INCLUDE_SOURCE;
				MTL_FAST_MATH = YES;
				ONLY_ACTIVE_ARCH = YES;
				SDKROOT = iphoneos;
				SWIFT_ACTIVE_COMPILATION_CONDITIONS = DEBUG;
				SWIFT_OPTIMIZATION_LEVEL = "-Onone";
				WATCHOS_DEPLOYMENT_TARGET = 8.1;
			};
			name = Debug;
		};
		55F284252944452800047EF5 /* Release */ = {
			isa = XCBuildConfiguration;
			buildSettings = {
				ALWAYS_SEARCH_USER_PATHS = NO;
				ASSETCATALOG_COMPILER_GENERATE_SWIFT_ASSET_SYMBOL_EXTENSIONS = YES;
				CLANG_ANALYZER_NONNULL = YES;
				CLANG_ANALYZER_NUMBER_OBJECT_CONVERSION = YES_AGGRESSIVE;
				CLANG_CXX_LANGUAGE_STANDARD = "gnu++20";
				CLANG_ENABLE_MODULES = YES;
				CLANG_ENABLE_OBJC_ARC = YES;
				CLANG_ENABLE_OBJC_WEAK = YES;
				CLANG_WARN_BLOCK_CAPTURE_AUTORELEASING = YES;
				CLANG_WARN_BOOL_CONVERSION = YES;
				CLANG_WARN_COMMA = YES;
				CLANG_WARN_CONSTANT_CONVERSION = YES;
				CLANG_WARN_DEPRECATED_OBJC_IMPLEMENTATIONS = YES;
				CLANG_WARN_DIRECT_OBJC_ISA_USAGE = YES_ERROR;
				CLANG_WARN_DOCUMENTATION_COMMENTS = YES;
				CLANG_WARN_EMPTY_BODY = YES;
				CLANG_WARN_ENUM_CONVERSION = YES;
				CLANG_WARN_INFINITE_RECURSION = YES;
				CLANG_WARN_INT_CONVERSION = YES;
				CLANG_WARN_NON_LITERAL_NULL_CONVERSION = YES;
				CLANG_WARN_OBJC_IMPLICIT_RETAIN_SELF = YES;
				CLANG_WARN_OBJC_LITERAL_CONVERSION = YES;
				CLANG_WARN_OBJC_ROOT_CLASS = YES_ERROR;
				CLANG_WARN_QUOTED_INCLUDE_IN_FRAMEWORK_HEADER = YES;
				CLANG_WARN_RANGE_LOOP_ANALYSIS = YES;
				CLANG_WARN_STRICT_PROTOTYPES = YES;
				CLANG_WARN_SUSPICIOUS_MOVE = YES;
				CLANG_WARN_UNGUARDED_AVAILABILITY = YES_AGGRESSIVE;
				CLANG_WARN_UNREACHABLE_CODE = YES;
				CLANG_WARN__DUPLICATE_METHOD_MATCH = YES;
				COPY_PHASE_STRIP = NO;
				DEBUG_INFORMATION_FORMAT = "dwarf-with-dsym";
				DEVELOPMENT_TEAM = 4JYR7R4Y2M;
				ENABLE_NS_ASSERTIONS = NO;
				ENABLE_STRICT_OBJC_MSGSEND = YES;
				ENABLE_USER_SCRIPT_SANDBOXING = YES;
				GCC_C_LANGUAGE_STANDARD = gnu11;
				GCC_NO_COMMON_BLOCKS = YES;
				GCC_WARN_64_TO_32_BIT_CONVERSION = YES;
				GCC_WARN_ABOUT_RETURN_TYPE = YES_ERROR;
				GCC_WARN_UNDECLARED_SELECTOR = YES;
				GCC_WARN_UNINITIALIZED_AUTOS = YES_AGGRESSIVE;
				GCC_WARN_UNUSED_FUNCTION = YES;
				GCC_WARN_UNUSED_VARIABLE = YES;
				IPHONEOS_DEPLOYMENT_TARGET = 16.1;
				MTL_ENABLE_DEBUG_INFO = NO;
				MTL_FAST_MATH = YES;
				SDKROOT = iphoneos;
				SWIFT_COMPILATION_MODE = wholemodule;
				SWIFT_OPTIMIZATION_LEVEL = "-O";
				VALIDATE_PRODUCT = YES;
				WATCHOS_DEPLOYMENT_TARGET = 8.1;
			};
			name = Release;
		};
		55F284272944452800047EF5 /* Debug */ = {
			isa = XCBuildConfiguration;
			buildSettings = {
				ASSETCATALOG_COMPILER_APPICON_NAME = AppIcon;
				ASSETCATALOG_COMPILER_GLOBAL_ACCENT_COLOR_NAME = AccentColor;
				CODE_SIGN_STYLE = Automatic;
				CURRENT_PROJECT_VERSION = 1;
				DEVELOPMENT_ASSET_PATHS = "\"JovesLanding/Preview Content\"";
				ENABLE_PREVIEWS = YES;
				GENERATE_INFOPLIST_FILE = YES;
				INFOPLIST_FILE = JovesLanding/Info.plist;
				INFOPLIST_KEY_NSBluetoothAlwaysUsageDescription = 1.0;
				INFOPLIST_KEY_UIApplicationSceneManifest_Generation = YES;
				INFOPLIST_KEY_UIApplicationSupportsIndirectInputEvents = YES;
				INFOPLIST_KEY_UILaunchScreen_Generation = YES;
				INFOPLIST_KEY_UISupportedInterfaceOrientations_iPad = "UIInterfaceOrientationPortrait UIInterfaceOrientationPortraitUpsideDown UIInterfaceOrientationLandscapeLeft UIInterfaceOrientationLandscapeRight";
				INFOPLIST_KEY_UISupportedInterfaceOrientations_iPhone = "UIInterfaceOrientationPortrait UIInterfaceOrientationLandscapeLeft UIInterfaceOrientationLandscapeRight";
				LD_RUNPATH_SEARCH_PATHS = (
					"$(inherited)",
					"@executable_path/Frameworks",
				);
				MARKETING_VERSION = 1.0;
				PRODUCT_BUNDLE_IDENTIFIER = com.softwarebyjove.JovesLanding;
				PRODUCT_NAME = "$(TARGET_NAME)";
				SWIFT_EMIT_LOC_STRINGS = YES;
				SWIFT_OPTIMIZATION_LEVEL = "-Onone";
				SWIFT_VERSION = 6.0;
				TARGETED_DEVICE_FAMILY = "1,2";
			};
			name = Debug;
		};
		55F284282944452800047EF5 /* Release */ = {
			isa = XCBuildConfiguration;
			buildSettings = {
				ASSETCATALOG_COMPILER_APPICON_NAME = AppIcon;
				ASSETCATALOG_COMPILER_GLOBAL_ACCENT_COLOR_NAME = AccentColor;
				CODE_SIGN_STYLE = Automatic;
				CURRENT_PROJECT_VERSION = 1;
				DEVELOPMENT_ASSET_PATHS = "\"JovesLanding/Preview Content\"";
				ENABLE_PREVIEWS = YES;
				GENERATE_INFOPLIST_FILE = YES;
				INFOPLIST_FILE = JovesLanding/Info.plist;
				INFOPLIST_KEY_NSBluetoothAlwaysUsageDescription = 1.0;
				INFOPLIST_KEY_UIApplicationSceneManifest_Generation = YES;
				INFOPLIST_KEY_UIApplicationSupportsIndirectInputEvents = YES;
				INFOPLIST_KEY_UILaunchScreen_Generation = YES;
				INFOPLIST_KEY_UISupportedInterfaceOrientations_iPad = "UIInterfaceOrientationPortrait UIInterfaceOrientationPortraitUpsideDown UIInterfaceOrientationLandscapeLeft UIInterfaceOrientationLandscapeRight";
				INFOPLIST_KEY_UISupportedInterfaceOrientations_iPhone = "UIInterfaceOrientationPortrait UIInterfaceOrientationLandscapeLeft UIInterfaceOrientationLandscapeRight";
				LD_RUNPATH_SEARCH_PATHS = (
					"$(inherited)",
					"@executable_path/Frameworks",
				);
				MARKETING_VERSION = 1.0;
				PRODUCT_BUNDLE_IDENTIFIER = com.softwarebyjove.JovesLanding;
				PRODUCT_NAME = "$(TARGET_NAME)";
				SWIFT_EMIT_LOC_STRINGS = YES;
				SWIFT_VERSION = 6.0;
				TARGETED_DEVICE_FAMILY = "1,2";
			};
			name = Release;
		};
		55F2847229444DD200047EF5 /* Debug */ = {
			isa = XCBuildConfiguration;
			buildSettings = {
				ASSETCATALOG_COMPILER_APPICON_NAME = AppIcon;
				ASSETCATALOG_COMPILER_GLOBAL_ACCENT_COLOR_NAME = AccentColor;
				CODE_SIGN_STYLE = Automatic;
				CURRENT_PROJECT_VERSION = 1;
				DEVELOPMENT_ASSET_PATHS = "\"TrainConductor Watch App/Preview Content\"";
				ENABLE_PREVIEWS = YES;
				GENERATE_INFOPLIST_FILE = YES;
				INFOPLIST_KEY_CFBundleDisplayName = TrainConductor;
				INFOPLIST_KEY_NSBluetoothAlwaysUsageDescription = 1.0;
				INFOPLIST_KEY_UISupportedInterfaceOrientations = "UIInterfaceOrientationPortrait UIInterfaceOrientationPortraitUpsideDown";
				INFOPLIST_KEY_WKWatchOnly = YES;
				LD_RUNPATH_SEARCH_PATHS = (
					"$(inherited)",
					"@executable_path/Frameworks",
				);
				MARKETING_VERSION = 1.0;
				PRODUCT_BUNDLE_IDENTIFIER = com.softwarebyjove.TrainConductor.watchkitapp;
				PRODUCT_NAME = "$(TARGET_NAME)";
				SDKROOT = watchos;
				SKIP_INSTALL = YES;
				SWIFT_EMIT_LOC_STRINGS = YES;
				SWIFT_VERSION = 5.0;
				TARGETED_DEVICE_FAMILY = 4;
				WATCHOS_DEPLOYMENT_TARGET = 9.1;
			};
			name = Debug;
		};
		55F2847329444DD200047EF5 /* Release */ = {
			isa = XCBuildConfiguration;
			buildSettings = {
				ASSETCATALOG_COMPILER_APPICON_NAME = AppIcon;
				ASSETCATALOG_COMPILER_GLOBAL_ACCENT_COLOR_NAME = AccentColor;
				CODE_SIGN_STYLE = Automatic;
				CURRENT_PROJECT_VERSION = 1;
				DEVELOPMENT_ASSET_PATHS = "\"TrainConductor Watch App/Preview Content\"";
				ENABLE_PREVIEWS = YES;
				GENERATE_INFOPLIST_FILE = YES;
				INFOPLIST_KEY_CFBundleDisplayName = TrainConductor;
				INFOPLIST_KEY_NSBluetoothAlwaysUsageDescription = 1.0;
				INFOPLIST_KEY_UISupportedInterfaceOrientations = "UIInterfaceOrientationPortrait UIInterfaceOrientationPortraitUpsideDown";
				INFOPLIST_KEY_WKWatchOnly = YES;
				LD_RUNPATH_SEARCH_PATHS = (
					"$(inherited)",
					"@executable_path/Frameworks",
				);
				MARKETING_VERSION = 1.0;
				PRODUCT_BUNDLE_IDENTIFIER = com.softwarebyjove.TrainConductor.watchkitapp;
				PRODUCT_NAME = "$(TARGET_NAME)";
				SDKROOT = watchos;
				SKIP_INSTALL = YES;
				SWIFT_EMIT_LOC_STRINGS = YES;
				SWIFT_VERSION = 5.0;
				TARGETED_DEVICE_FAMILY = 4;
				WATCHOS_DEPLOYMENT_TARGET = 9.1;
			};
			name = Release;
		};
		55F2847629444DD200047EF5 /* Debug */ = {
			isa = XCBuildConfiguration;
			buildSettings = {
				CODE_SIGN_STYLE = Automatic;
				CURRENT_PROJECT_VERSION = 1;
				INFOPLIST_KEY_CFBundleDisplayName = TrainConductor;
				LD_RUNPATH_SEARCH_PATHS = (
					"$(inherited)",
					"@executable_path/Frameworks",
					"@loader_path/Frameworks",
				);
				MARKETING_VERSION = 1.0;
				PRODUCT_BUNDLE_IDENTIFIER = com.softwarebyjove.TrainConductor;
				PRODUCT_NAME = "$(TARGET_NAME)";
				SWIFT_OPTIMIZATION_LEVEL = "-Onone";
				SWIFT_VERSION = 5.0;
			};
			name = Debug;
		};
		55F2847729444DD200047EF5 /* Release */ = {
			isa = XCBuildConfiguration;
			buildSettings = {
				CODE_SIGN_STYLE = Automatic;
				CURRENT_PROJECT_VERSION = 1;
				INFOPLIST_KEY_CFBundleDisplayName = TrainConductor;
				LD_RUNPATH_SEARCH_PATHS = (
					"$(inherited)",
					"@executable_path/Frameworks",
					"@loader_path/Frameworks",
				);
				MARKETING_VERSION = 1.0;
				PRODUCT_BUNDLE_IDENTIFIER = com.softwarebyjove.TrainConductor;
				PRODUCT_NAME = "$(TARGET_NAME)";
				SWIFT_VERSION = 5.0;
			};
			name = Release;
		};
/* End XCBuildConfiguration section */

/* Begin XCConfigurationList section */
		556E65D2294D1DD500FCEFD6 /* Build configuration list for PBXNativeTarget "JovesControl" */ = {
			isa = XCConfigurationList;
			buildConfigurations = (
				556E65D0294D1DD500FCEFD6 /* Debug */,
				556E65D1294D1DD500FCEFD6 /* Release */,
			);
			defaultConfigurationIsVisible = 0;
			defaultConfigurationName = Release;
		};
		55F284132944452700047EF5 /* Build configuration list for PBXProject "JovesLanding" */ = {
			isa = XCConfigurationList;
			buildConfigurations = (
				55F284242944452800047EF5 /* Debug */,
				55F284252944452800047EF5 /* Release */,
			);
			defaultConfigurationIsVisible = 0;
			defaultConfigurationName = Release;
		};
		55F284262944452800047EF5 /* Build configuration list for PBXNativeTarget "JovesLanding" */ = {
			isa = XCConfigurationList;
			buildConfigurations = (
				55F284272944452800047EF5 /* Debug */,
				55F284282944452800047EF5 /* Release */,
			);
			defaultConfigurationIsVisible = 0;
			defaultConfigurationName = Release;
		};
		55F2847129444DD200047EF5 /* Build configuration list for PBXNativeTarget "TrainConductor Watch App" */ = {
			isa = XCConfigurationList;
			buildConfigurations = (
				55F2847229444DD200047EF5 /* Debug */,
				55F2847329444DD200047EF5 /* Release */,
			);
			defaultConfigurationIsVisible = 0;
			defaultConfigurationName = Release;
		};
		55F2847529444DD200047EF5 /* Build configuration list for PBXNativeTarget "TrainConductor" */ = {
			isa = XCConfigurationList;
			buildConfigurations = (
				55F2847629444DD200047EF5 /* Debug */,
				55F2847729444DD200047EF5 /* Release */,
			);
			defaultConfigurationIsVisible = 0;
			defaultConfigurationName = Release;
		};
/* End XCConfigurationList section */

/* Begin XCLocalSwiftPackageReference section */
		5575134F2DA8521500E73784 /* XCLocalSwiftPackageReference "../../../GitHub/SbjGauge" */ = {
			isa = XCLocalSwiftPackageReference;
			relativePath = ../../../GitHub/SbjGauge;
		};
		557513562DA87B8500E73784 /* XCLocalSwiftPackageReference "../../../GitHub/BLEByJove" */ = {
			isa = XCLocalSwiftPackageReference;
			relativePath = ../../../GitHub/BLEByJove;
		};
/* End XCLocalSwiftPackageReference section */

/* Begin XCRemoteSwiftPackageReference section */
		55268BC1294C1C8500BA9AC6 /* XCRemoteSwiftPackageReference "swift-collections" */ = {
			isa = XCRemoteSwiftPackageReference;
			repositoryURL = "https://github.com/apple/swift-collections.git";
			requirement = {
				kind = upToNextMajorVersion;
				minimumVersion = 1.0.0;
			};
		};
/* End XCRemoteSwiftPackageReference section */

/* Begin XCSwiftPackageProductDependency section */
		554740DB2954F4AC00948BBB /* Infrastructure */ = {
			isa = XCSwiftPackageProductDependency;
			productName = Infrastructure;
		};
		554740DF2954F4BC00948BBB /* Infrastructure */ = {
			isa = XCSwiftPackageProductDependency;
			productName = Infrastructure;
		};
		554740E32954F4C500948BBB /* Infrastructure */ = {
			isa = XCSwiftPackageProductDependency;
			productName = Infrastructure;
		};
		557513502DA8531800E73784 /* SbjGauge */ = {
			isa = XCSwiftPackageProductDependency;
			package = 5575134F2DA8521500E73784 /* XCLocalSwiftPackageReference "../../../GitHub/SbjGauge" */;
			productName = SbjGauge;
		};
		557513522DA8532C00E73784 /* SbjGauge */ = {
			isa = XCSwiftPackageProductDependency;
			package = 5575134F2DA8521500E73784 /* XCLocalSwiftPackageReference "../../../GitHub/SbjGauge" */;
			productName = SbjGauge;
		};
		557513542DA8533500E73784 /* SbjGauge */ = {
			isa = XCSwiftPackageProductDependency;
			package = 5575134F2DA8521500E73784 /* XCLocalSwiftPackageReference "../../../GitHub/SbjGauge" */;
			productName = SbjGauge;
		};
		557513572DA87B9C00E73784 /* BLEByJove */ = {
			isa = XCSwiftPackageProductDependency;
			package = 557513562DA87B8500E73784 /* XCLocalSwiftPackageReference "../../../GitHub/BLEByJove" */;
			productName = BLEByJove;
		};
		557513592DA87BA800E73784 /* BLEByJove */ = {
			isa = XCSwiftPackageProductDependency;
			package = 557513562DA87B8500E73784 /* XCLocalSwiftPackageReference "../../../GitHub/BLEByJove" */;
			productName = BLEByJove;
		};
		5575135B2DA87BB400E73784 /* BLEByJove */ = {
			isa = XCSwiftPackageProductDependency;
			package = 557513562DA87B8500E73784 /* XCLocalSwiftPackageReference "../../../GitHub/BLEByJove" */;
			productName = BLEByJove;
		};
/* End XCSwiftPackageProductDependency section */
	};
	rootObject = 55F284102944452700047EF5 /* Project object */;
}
